
Microsoft Visual Studio Solution File, Format Version 12.00
# Visual Studio Version 16
VisualStudioVersion = 16.0.30114.105
MinimumVisualStudioVersion = 10.0.40219.1
Project("{2150E333-8FDC-42A3-9474-1A3956D46DE8}") = "src", "src", "{B2754703-8FAE-4FFB-BDB8-2B8DC9CF0A44}"
EndProject
Project("{2150E333-8FDC-42A3-9474-1A3956D46DE8}") = "1.Core", "1.Core", "{990A6676-C217-4A35-8D0C-1E5B868BC227}"
EndProject
Project("{2150E333-8FDC-42A3-9474-1A3956D46DE8}") = "2.Application", "2.Application", "{A5A35F54-B0F9-41D6-A653-BE2B930C86D8}"
EndProject
Project("{2150E333-8FDC-42A3-9474-1A3956D46DE8}") = "3.Infrastructure", "3.Infrastructure", "{D6EDAD0D-42F2-4331-BD29-BEB71171C76C}"
EndProject
Project("{2150E333-8FDC-42A3-9474-1A3956D46DE8}") = "4.UI", "4.UI", "{6C5D9194-A0E5-4196-83DC-11441A92593D}"
EndProject
Project("{9A19103F-16F7-4668-BE54-9A1E7A4F7556}") = "AppName.Core", "src\AppName.Core\AppName.Core.csproj", "{044AC9AC-7D6E-4524-8629-FDD2EF8A2242}"
EndProject
Project("{9A19103F-16F7-4668-BE54-9A1E7A4F7556}") = "AppName.Application", "src\AppName.Application\AppName.Application.csproj", "{1F1E008C-6232-452E-83AA-38E703998C8A}"
EndProject
Project("{9A19103F-16F7-4668-BE54-9A1E7A4F7556}") = "AppName.Infrastructure", "src\AppName.Infrastructure\AppName.Infrastructure.csproj", "{3BD1FDBF-7D31-466E-B841-F73362E0690F}"
EndProject
Project("{9A19103F-16F7-4668-BE54-9A1E7A4F7556}") = "AppName.UI", "src\AppName.UI\AppName.UI.csproj", "{EF1C899F-5FB8-4508-8D35-D897E810353A}"
EndProject
Project("{2150E333-8FDC-42A3-9474-1A3956D46DE8}") = "5.UnitTest", "5.UnitTest", "{765CEF45-32CD-4993-81C3-410AE7F02E21}"
EndProject
Project("{2150E333-8FDC-42A3-9474-1A3956D46DE8}") = "Solution Items", "Solution Items", "{D75D86CC-1B39-4455-A3C1-A4579162237F}"
	ProjectSection(SolutionItems) = preProject
		.editorconfig = .editorconfig
	EndProjectSection
EndProject
Global
	GlobalSection(SolutionConfigurationPlatforms) = preSolution
		Debug|Any CPU = Debug|Any CPU
		Release|Any CPU = Release|Any CPU
	EndGlobalSection
	GlobalSection(ProjectConfigurationPlatforms) = postSolution
		{044AC9AC-7D6E-4524-8629-FDD2EF8A2242}.Debug|Any CPU.ActiveCfg = Debug|Any CPU
		{044AC9AC-7D6E-4524-8629-FDD2EF8A2242}.Debug|Any CPU.Build.0 = Debug|Any CPU
		{044AC9AC-7D6E-4524-8629-FDD2EF8A2242}.Release|Any CPU.ActiveCfg = Release|Any CPU
		{044AC9AC-7D6E-4524-8629-FDD2EF8A2242}.Release|Any CPU.Build.0 = Release|Any CPU
		{1F1E008C-6232-452E-83AA-38E703998C8A}.Debug|Any CPU.ActiveCfg = Debug|Any CPU
		{1F1E008C-6232-452E-83AA-38E703998C8A}.Debug|Any CPU.Build.0 = Debug|Any CPU
		{1F1E008C-6232-452E-83AA-38E703998C8A}.Release|Any CPU.ActiveCfg = Release|Any CPU
		{1F1E008C-6232-452E-83AA-38E703998C8A}.Release|Any CPU.Build.0 = Release|Any CPU
		{3BD1FDBF-7D31-466E-B841-F73362E0690F}.Debug|Any CPU.ActiveCfg = Debug|Any CPU
		{3BD1FDBF-7D31-466E-B841-F73362E0690F}.Debug|Any CPU.Build.0 = Debug|Any CPU
		{3BD1FDBF-7D31-466E-B841-F73362E0690F}.Release|Any CPU.ActiveCfg = Release|Any CPU
		{3BD1FDBF-7D31-466E-B841-F73362E0690F}.Release|Any CPU.Build.0 = Release|Any CPU
		{EF1C899F-5FB8-4508-8D35-D897E810353A}.Debug|Any CPU.ActiveCfg = Debug|Any CPU
		{EF1C899F-5FB8-4508-8D35-D897E810353A}.Debug|Any CPU.Build.0 = Debug|Any CPU
		{EF1C899F-5FB8-4508-8D35-D897E810353A}.Release|Any CPU.ActiveCfg = Release|Any CPU
		{EF1C899F-5FB8-4508-8D35-D897E810353A}.Release|Any CPU.Build.0 = Release|Any CPU
	EndGlobalSection
	GlobalSection(SolutionProperties) = preSolution
		HideSolutionNode = FALSE
	EndGlobalSection
	GlobalSection(NestedProjects) = preSolution
		{990A6676-C217-4A35-8D0C-1E5B868BC227} = {B2754703-8FAE-4FFB-BDB8-2B8DC9CF0A44}
		{A5A35F54-B0F9-41D6-A653-BE2B930C86D8} = {B2754703-8FAE-4FFB-BDB8-2B8DC9CF0A44}
		{D6EDAD0D-42F2-4331-BD29-BEB71171C76C} = {B2754703-8FAE-4FFB-BDB8-2B8DC9CF0A44}
		{6C5D9194-A0E5-4196-83DC-11441A92593D} = {B2754703-8FAE-4FFB-BDB8-2B8DC9CF0A44}
		{044AC9AC-7D6E-4524-8629-FDD2EF8A2242} = {990A6676-C217-4A35-8D0C-1E5B868BC227}
		{1F1E008C-6232-452E-83AA-38E703998C8A} = {A5A35F54-B0F9-41D6-A653-BE2B930C86D8}
		{3BD1FDBF-7D31-466E-B841-F73362E0690F} = {D6EDAD0D-42F2-4331-BD29-BEB71171C76C}
		{EF1C899F-5FB8-4508-8D35-D897E810353A} = {6C5D9194-A0E5-4196-83DC-11441A92593D}
		{765CEF45-32CD-4993-81C3-410AE7F02E21} = {B2754703-8FAE-4FFB-BDB8-2B8DC9CF0A44}
	EndGlobalSection
	GlobalSection(ExtensibilityGlobals) = postSolution
		SolutionGuid = {D0E1C028-9802-41FC-ACA7-8B4759C62A37}
	EndGlobalSection
EndGlobal
